github.com/goccy/go-yaml v1.15.11 h1:XeEd/2INF0TXXWMzJ9ALqJLGjGDl4PIi1gmrK+7KpAs=
github.com/goccy/go-yaml v1.15.11/go.mod h1:XBurs7gK8ATbW4ZPGKgcbrY1Br56PdM69F7LkFRi1kA=
github.com/google/go-cmp v0.6.0 h1:ofyhxvXcZhMsU5ulbFiLKl/XBFqE1GSq7atu8tAmTRI=
github.com/google/go-cmp v0.6.0/go.mod h1:17dUlkBOakJ0+DkrSSNjCkIjxS6bF9zb3elmeNGIjoY=
github.com/pkg/errors v0.9.1 h1:FEBLx1zS214owpjy7qsBeixbURkuhQAwrK5UwLGTwt4=
github.com/pkg/errors v0.9.1/go.mod h1:bwawxfHBFNV+L2hUp1rHADufV3IMtnDRdf1r5NINEl0=
github.com/zoncoen/query-go v1.3.1 h1:7JZuqOKFNkLanCVvm3ufH5XMKuiCd+aks6txzhmy1ic=
github.com/zoncoen/query-go v1.3.1/go.mod h1:rbLi2EwarQtEJ5cNg9LFmAnleihBLsQSc1ow7vA8nms=
