github.com/goccy/go-yaml v1.19.2 h1:PmFC1S6h8ljIz6gMRBopkjP1TVT7xuwrButHID66PoM=
github.com/goccy/go-yaml v1.19.2/go.mod h1:XBurs7gK8ATbW4ZPGKgcbrY1Br56PdM69F7LkFRi1kA=
github.com/google/go-cmp v0.7.0 h1:wk8382ETsv4JYUZwIsn6YpYiWiBsYLSJiTsyBybVuN8=
github.com/google/go-cmp v0.7.0/go.mod h1:pXiqmnSA92OHEEa9HXL2W4E7lf9JzCmGVUdgjX3N/iU=
github.com/zoncoen/query-go/v2 v2.0.0 h1:9zghJZ9RZJDQJ4EG8FJDkbTSulm3mV9LqiGen4CWGCY=
github.com/zoncoen/query-go/v2 v2.0.0/go.mod h1:rdCaQ0pWnfVd1hoGGpkVjGk/NaxtRGFEsk0RrZ+65vs=
